
Microsoft Visual Studio Solution File, Format Version 12.00
# Visual Studio Version 16
VisualStudioVersion = 16.0.30803.129
MinimumVisualStudioVersion = 10.0.40219.1
Project("{FAE04EC0-301F-11D3-BF4B-00C04F79EFBC}") = "AbstractFactoryExample", "AbstractFactoryExample.csproj", "{FC42BC63-C8EF-4763-A0B5-C252A4B99466}"
EndProject
Global
	GlobalSection(SolutionConfigurationPlatforms) = preSolution
		Debug|Any CPU = Debug|Any CPU
		Release|Any CPU = Release|Any CPU
	EndGlobalSection
	GlobalSection(ProjectConfigurationPlatforms) = postSolution
		{FC42BC63-C8EF-4763-A0B5-C252A4B99466}.Debug|Any CPU.ActiveCfg = Debug|Any CPU
		{FC42BC63-C8EF-4763-A0B5-C252A4B99466}.Debug|Any CPU.Build.0 = Debug|Any CPU
		{FC42BC63-C8EF-4763-A0B5-C252A4B99466}.Release|Any CPU.ActiveCfg = Release|Any CPU
		{FC42BC63-C8EF-4763-A0B5-C252A4B99466}.Release|Any CPU.Build.0 = Release|Any CPU
	EndGlobalSection
	GlobalSection(SolutionProperties) = preSolution
		HideSolutionNode = FALSE
	EndGlobalSection
	GlobalSection(ExtensibilityGlobals) = postSolution
		SolutionGuid = {55C5357D-7C42-4BD8-A457-9E02BDFCF7CA}
	EndGlobalSection
EndGlobal
